{
  "originHash" : "589797c73f1f2a9bfb38301b66fce51d05d01882eb5ba92725e13147e9003621",
  "pins" : [
    {
      "identity" : "motion",
      "kind" : "remoteSourceControl",
      "location" : "https://github.com/b3ll/Motion",
      "state" : {
        "revision" : "d0439dd8f31ef16c3e17ef12e8d1921b00341d67",
        "version" : "0.1.5"
      }
    },
    {
      "identity" : "swift-numerics",
      "kind" : "remoteSourceControl",
      "location" : "https://github.com/apple/swift-numerics",
      "state" : {
        "revision" : "0c0290ff6b24942dadb83a929ffaaa1481df04a2",
        "version" : "1.1.1"
      }
    }
  ],
  "version" : 3
}
